
Microsoft Visual Studio Solution File, Format Version 12.00
# Visual Studio 2012
Project("{FAE04EC0-301F-11D3-BF4B-00C04F79EFBC}") = "XSocketsNinject", "XSocketsNinject\XSocketsNinject.csproj", "{120F65E2-18B0-4A04-B7C4-F568F79F3BBC}"
EndProject
Project("{FAE04EC0-301F-11D3-BF4B-00C04F79EFBC}") = "XSocketsNinject.Core", "XSocketsNinject.Core\XSocketsNinject.Core.csproj", "{B7E338F2-B67C-4C9F-8ADF-2D7A47A97A43}"
EndProject
Project("{FAE04EC0-301F-11D3-BF4B-00C04F79EFBC}") = "XSocketsNinject.Data", "XSocketsNinject.Data\XSocketsNinject.Data.csproj", "{CEF38987-AB91-4B8F-850D-4C30AF1B136E}"
EndProject
Project("{FAE04EC0-301F-11D3-BF4B-00C04F79EFBC}") = "XSocketsNinject.Service", "XSocketsNinject.Service\XSocketsNinject.Service.csproj", "{EF2E567E-DC4B-45E3-BD65-9711530A1580}"
EndProject
Global
	GlobalSection(SolutionConfigurationPlatforms) = preSolution
		Debug|Any CPU = Debug|Any CPU
		Release|Any CPU = Release|Any CPU
	EndGlobalSection
	GlobalSection(ProjectConfigurationPlatforms) = postSolution
		{120F65E2-18B0-4A04-B7C4-F568F79F3BBC}.Debug|Any CPU.ActiveCfg = Debug|Any CPU
		{120F65E2-18B0-4A04-B7C4-F568F79F3BBC}.Debug|Any CPU.Build.0 = Debug|Any CPU
		{120F65E2-18B0-4A04-B7C4-F568F79F3BBC}.Release|Any CPU.ActiveCfg = Release|Any CPU
		{120F65E2-18B0-4A04-B7C4-F568F79F3BBC}.Release|Any CPU.Build.0 = Release|Any CPU
		{B7E338F2-B67C-4C9F-8ADF-2D7A47A97A43}.Debug|Any CPU.ActiveCfg = Debug|Any CPU
		{B7E338F2-B67C-4C9F-8ADF-2D7A47A97A43}.Debug|Any CPU.Build.0 = Debug|Any CPU
		{B7E338F2-B67C-4C9F-8ADF-2D7A47A97A43}.Release|Any CPU.ActiveCfg = Release|Any CPU
		{B7E338F2-B67C-4C9F-8ADF-2D7A47A97A43}.Release|Any CPU.Build.0 = Release|Any CPU
		{CEF38987-AB91-4B8F-850D-4C30AF1B136E}.Debug|Any CPU.ActiveCfg = Debug|Any CPU
		{CEF38987-AB91-4B8F-850D-4C30AF1B136E}.Debug|Any CPU.Build.0 = Debug|Any CPU
		{CEF38987-AB91-4B8F-850D-4C30AF1B136E}.Release|Any CPU.ActiveCfg = Release|Any CPU
		{CEF38987-AB91-4B8F-850D-4C30AF1B136E}.Release|Any CPU.Build.0 = Release|Any CPU
		{EF2E567E-DC4B-45E3-BD65-9711530A1580}.Debug|Any CPU.ActiveCfg = Debug|Any CPU
		{EF2E567E-DC4B-45E3-BD65-9711530A1580}.Debug|Any CPU.Build.0 = Debug|Any CPU
		{EF2E567E-DC4B-45E3-BD65-9711530A1580}.Release|Any CPU.ActiveCfg = Release|Any CPU
		{EF2E567E-DC4B-45E3-BD65-9711530A1580}.Release|Any CPU.Build.0 = Release|Any CPU
	EndGlobalSection
	GlobalSection(SolutionProperties) = preSolution
		HideSolutionNode = FALSE
	EndGlobalSection
EndGlobal
